
Microsoft Visual Studio Solution File, Format Version 12.00
# Visual Studio Version 17
VisualStudioVersion = 17.0.31611.283
MinimumVisualStudioVersion = 10.0.40219.1
Project("{9A19103F-16F7-4668-BE54-9A1E7A4F7556}") = "AFishka.User", "AFishka.User\AFishka.User.csproj", "{2EF91B31-CB60-4F16-953C-7A5083A6CFF0}"
EndProject
Project("{9A19103F-16F7-4668-BE54-9A1E7A4F7556}") = "Domain", "Domain\Domain.csproj", "{12C4BD6B-32D1-4B39-9E41-D4A18C0D5D44}"
EndProject
Project("{2150E333-8FDC-42A3-9474-1A3956D46DE8}") = "Core", "Core", "{6184E910-AF38-46BF-9C3B-F1AF02BDD7D0}"
EndProject
Project("{9A19103F-16F7-4668-BE54-9A1E7A4F7556}") = "UserApplication", "Application\UserApplication.csproj", "{D69A2C98-9578-46B9-9E0C-2E18086C7090}"
EndProject
Global
	GlobalSection(SolutionConfigurationPlatforms) = preSolution
		Debug|Any CPU = Debug|Any CPU
		Release|Any CPU = Release|Any CPU
	EndGlobalSection
	GlobalSection(ProjectConfigurationPlatforms) = postSolution
		{2EF91B31-CB60-4F16-953C-7A5083A6CFF0}.Debug|Any CPU.ActiveCfg = Debug|Any CPU
		{2EF91B31-CB60-4F16-953C-7A5083A6CFF0}.Debug|Any CPU.Build.0 = Debug|Any CPU
		{2EF91B31-CB60-4F16-953C-7A5083A6CFF0}.Debug|Any CPU.Deploy.0 = Debug|Any CPU
		{2EF91B31-CB60-4F16-953C-7A5083A6CFF0}.Release|Any CPU.ActiveCfg = Release|Any CPU
		{2EF91B31-CB60-4F16-953C-7A5083A6CFF0}.Release|Any CPU.Build.0 = Release|Any CPU
		{2EF91B31-CB60-4F16-953C-7A5083A6CFF0}.Release|Any CPU.Deploy.0 = Release|Any CPU
		{12C4BD6B-32D1-4B39-9E41-D4A18C0D5D44}.Debug|Any CPU.ActiveCfg = Debug|Any CPU
		{12C4BD6B-32D1-4B39-9E41-D4A18C0D5D44}.Debug|Any CPU.Build.0 = Debug|Any CPU
		{12C4BD6B-32D1-4B39-9E41-D4A18C0D5D44}.Release|Any CPU.ActiveCfg = Release|Any CPU
		{12C4BD6B-32D1-4B39-9E41-D4A18C0D5D44}.Release|Any CPU.Build.0 = Release|Any CPU
		{D69A2C98-9578-46B9-9E0C-2E18086C7090}.Debug|Any CPU.ActiveCfg = Debug|Any CPU
		{D69A2C98-9578-46B9-9E0C-2E18086C7090}.Debug|Any CPU.Build.0 = Debug|Any CPU
		{D69A2C98-9578-46B9-9E0C-2E18086C7090}.Release|Any CPU.ActiveCfg = Release|Any CPU
		{D69A2C98-9578-46B9-9E0C-2E18086C7090}.Release|Any CPU.Build.0 = Release|Any CPU
	EndGlobalSection
	GlobalSection(SolutionProperties) = preSolution
		HideSolutionNode = FALSE
	EndGlobalSection
	GlobalSection(NestedProjects) = preSolution
		{12C4BD6B-32D1-4B39-9E41-D4A18C0D5D44} = {6184E910-AF38-46BF-9C3B-F1AF02BDD7D0}
		{D69A2C98-9578-46B9-9E0C-2E18086C7090} = {6184E910-AF38-46BF-9C3B-F1AF02BDD7D0}
	EndGlobalSection
	GlobalSection(ExtensibilityGlobals) = postSolution
		SolutionGuid = {61F7FB11-1E47-470C-91E2-47F8143E1572}
	EndGlobalSection
EndGlobal
